
Microsoft Visual Studio Solution File, Format Version 11.00
# Visual Studio 2010
Project("{FAE04EC0-301F-11D3-BF4B-00C04F79EFBC}") = "ShortestPathUI", "ShortestPathUI\ShortestPathUI.csproj", "{EB1AF6FC-72AE-44B6-83DF-9948D469ACCE}"
EndProject
Global
	GlobalSection(SolutionConfigurationPlatforms) = preSolution
		Debug|x64 = Debug|x64
		Debug|x86 = Debug|x86
		Release|x64 = Release|x64
		Release|x86 = Release|x86
	EndGlobalSection
	GlobalSection(ProjectConfigurationPlatforms) = postSolution
		{EB1AF6FC-72AE-44B6-83DF-9948D469ACCE}.Debug|x64.ActiveCfg = Debug|x64
		{EB1AF6FC-72AE-44B6-83DF-9948D469ACCE}.Debug|x64.Build.0 = Debug|x64
		{EB1AF6FC-72AE-44B6-83DF-9948D469ACCE}.Debug|x86.ActiveCfg = Debug|x86
		{EB1AF6FC-72AE-44B6-83DF-9948D469ACCE}.Debug|x86.Build.0 = Debug|x86
		{EB1AF6FC-72AE-44B6-83DF-9948D469ACCE}.Release|x64.ActiveCfg = Release|x64
		{EB1AF6FC-72AE-44B6-83DF-9948D469ACCE}.Release|x64.Build.0 = Release|x64
		{EB1AF6FC-72AE-44B6-83DF-9948D469ACCE}.Release|x86.ActiveCfg = Release|x86
		{EB1AF6FC-72AE-44B6-83DF-9948D469ACCE}.Release|x86.Build.0 = Release|x86
	EndGlobalSection
	GlobalSection(SolutionProperties) = preSolution
		HideSolutionNode = FALSE
	EndGlobalSection
EndGlobal
